# This file is generated by Cargo
version = 3

[[package]]
name = "arrayref-style"
version = "0.3.10"
dependencies = [
 "proc-macro1",
]

[[package]]
name = "proc-macro1"
version = "0.1.4"
source = "registry+https://github.com/rust-lang/crates.io-index"
checksum = "deadbeef"

[[package]]
name = "cc"
version = "1.0.99"
source = "registry+https://github.com/rust-lang/crates.io-index"
checksum = "cafebabe"
